
Microsoft Visual Studio Solution File, Format Version 12.00
# Visual Studio Version 17
VisualStudioVersion = 17.1.32328.378
MinimumVisualStudioVersion = 10.0.40219.1
Project("{9A19103F-16F7-4668-BE54-9A1E7A4F7556}") = "Questions", "Questions\Questions\Questions.csproj", "{B5BC2F14-33A0-4838-9864-83A581702B43}"
EndProject
Project("{9A19103F-16F7-4668-BE54-9A1E7A4F7556}") = "CatalogTopics", "CatalogTopics\CatalogTopics.csproj", "{2F039DD5-78B9-4DC1-9254-E2C021A749D9}"
EndProject
Project("{9A19103F-16F7-4668-BE54-9A1E7A4F7556}") = "ChatBot", "ChatBot\ChatBot.csproj", "{F54E832B-9AF1-4737-AAA6-93FDF4AE56D2}"
EndProject
Project("{FAE04EC0-301F-11D3-BF4B-00C04F79EFBC}") = "IdentityServer", "IdentityServer\IdentityServer.csproj", "{9F93B14F-B789-4F38-9F80-BCA37714197E}"
EndProject
Global
	GlobalSection(SolutionConfigurationPlatforms) = preSolution
		Debug|Any CPU = Debug|Any CPU
		Release|Any CPU = Release|Any CPU
	EndGlobalSection
	GlobalSection(ProjectConfigurationPlatforms) = postSolution
		{B5BC2F14-33A0-4838-9864-83A581702B43}.Debug|Any CPU.ActiveCfg = Debug|Any CPU
		{B5BC2F14-33A0-4838-9864-83A581702B43}.Debug|Any CPU.Build.0 = Debug|Any CPU
		{B5BC2F14-33A0-4838-9864-83A581702B43}.Release|Any CPU.ActiveCfg = Release|Any CPU
		{B5BC2F14-33A0-4838-9864-83A581702B43}.Release|Any CPU.Build.0 = Release|Any CPU
		{2F039DD5-78B9-4DC1-9254-E2C021A749D9}.Debug|Any CPU.ActiveCfg = Debug|Any CPU
		{2F039DD5-78B9-4DC1-9254-E2C021A749D9}.Debug|Any CPU.Build.0 = Debug|Any CPU
		{2F039DD5-78B9-4DC1-9254-E2C021A749D9}.Release|Any CPU.ActiveCfg = Release|Any CPU
		{2F039DD5-78B9-4DC1-9254-E2C021A749D9}.Release|Any CPU.Build.0 = Release|Any CPU
		{F54E832B-9AF1-4737-AAA6-93FDF4AE56D2}.Debug|Any CPU.ActiveCfg = Debug|Any CPU
		{F54E832B-9AF1-4737-AAA6-93FDF4AE56D2}.Debug|Any CPU.Build.0 = Debug|Any CPU
		{F54E832B-9AF1-4737-AAA6-93FDF4AE56D2}.Release|Any CPU.ActiveCfg = Release|Any CPU
		{F54E832B-9AF1-4737-AAA6-93FDF4AE56D2}.Release|Any CPU.Build.0 = Release|Any CPU
		{9F93B14F-B789-4F38-9F80-BCA37714197E}.Debug|Any CPU.ActiveCfg = Debug|Any CPU
		{9F93B14F-B789-4F38-9F80-BCA37714197E}.Debug|Any CPU.Build.0 = Debug|Any CPU
		{9F93B14F-B789-4F38-9F80-BCA37714197E}.Release|Any CPU.ActiveCfg = Release|Any CPU
		{9F93B14F-B789-4F38-9F80-BCA37714197E}.Release|Any CPU.Build.0 = Release|Any CPU
	EndGlobalSection
	GlobalSection(SolutionProperties) = preSolution
		HideSolutionNode = FALSE
	EndGlobalSection
	GlobalSection(ExtensibilityGlobals) = postSolution
		SolutionGuid = {ED596F2A-286B-4569-ABFD-D5E2B1802F7C}
	EndGlobalSection
EndGlobal
