
Microsoft Visual Studio Solution File, Format Version 12.00
# Visual Studio Version 17
VisualStudioVersion = 17.1.32328.378
MinimumVisualStudioVersion = 10.0.40219.1
Project("{FAE04EC0-301F-11D3-BF4B-00C04F79EFBC}") = "Questions", "Questions\Questions\Questions.csproj", "{B5BC2F14-33A0-4838-9864-83A581702B43}"
EndProject
Global
	GlobalSection(SolutionConfigurationPlatforms) = preSolution
		Debug|Any CPU = Debug|Any CPU
		Release|Any CPU = Release|Any CPU
	EndGlobalSection
	GlobalSection(ProjectConfigurationPlatforms) = postSolution
		{B5BC2F14-33A0-4838-9864-83A581702B43}.Debug|Any CPU.ActiveCfg = Debug|Any CPU
		{B5BC2F14-33A0-4838-9864-83A581702B43}.Debug|Any CPU.Build.0 = Debug|Any CPU
		{B5BC2F14-33A0-4838-9864-83A581702B43}.Release|Any CPU.ActiveCfg = Release|Any CPU
		{B5BC2F14-33A0-4838-9864-83A581702B43}.Release|Any CPU.Build.0 = Release|Any CPU
	EndGlobalSection
	GlobalSection(SolutionProperties) = preSolution
		HideSolutionNode = FALSE
	EndGlobalSection
	GlobalSection(ExtensibilityGlobals) = postSolution
		SolutionGuid = {ED596F2A-286B-4569-ABFD-D5E2B1802F7C}
	EndGlobalSection
EndGlobal
